// !$*UTF8*$!
{
	archiveVersion = 1;
	classes = {
	};
	objectVersion = 46;
	objects = {

/* Begin PBXBuildFile section */
		AD8A62221DAE9DB4005E9097 /* AppDelegate.swift in Sources */ = {isa = PBXBuildFile; fileRef = AD8A62211DAE9DB4005E9097 /* AppDelegate.swift */; };
		AD8A62241DAE9DB4005E9097 /* ViewController.swift in Sources */ = {isa = PBXBuildFile; fileRef = AD8A62231DAE9DB4005E9097 /* ViewController.swift */; };
		AD8A62271DAE9DB4005E9097 /* Main.storyboard in Resources */ = {isa = PBXBuildFile; fileRef = AD8A62251DAE9DB4005E9097 /* Main.storyboard */; };
		AD8A62291DAE9DB4005E9097 /* Assets.xcassets in Resources */ = {isa = PBXBuildFile; fileRef = AD8A62281DAE9DB4005E9097 /* Assets.xcassets */; };
		AD8A622C1DAE9DB5005E9097 /* LaunchScreen.storyboard in Resources */ = {isa = PBXBuildFile; fileRef = AD8A622A1DAE9DB4005E9097 /* LaunchScreen.storyboard */; };
		AD8A62371DAE9DB5005E9097 /* myTTestingTests.swift in Sources */ = {isa = PBXBuildFile; fileRef = AD8A62361DAE9DB5005E9097 /* myTTestingTests.swift */; };
		AD8A62421DAE9DB5005E9097 /* myTTestingUITests.swift in Sources */ = {isa = PBXBuildFile; fileRef = AD8A62411DAE9DB5005E9097 /* myTTestingUITests.swift */; };
/* End PBXBuildFile section */

/* Begin PBXContainerItemProxy section */
		AD8A62331DAE9DB5005E9097 /* PBXContainerItemProxy */ = {
			isa = PBXContainerItemProxy;
			containerPortal = AD8A62161DAE9DB4005E9097 /* Project object */;
			proxyType = 1;
			remoteGlobalIDString = AD8A621D1DAE9DB4005E9097;
			remoteInfo = myTTesting;
		};
		AD8A623E1DAE9DB5005E9097 /* PBXContainerItemProxy */ = {
			isa = PBXContainerItemProxy;
			containerPortal = AD8A62161DAE9DB4005E9097 /* Project object */;
			proxyType = 1;
			remoteGlobalIDString = AD8A621D1DAE9DB4005E9097;
			remoteInfo = myTTesting;
		};
/* End PBXContainerItemProxy section */

/* Begin PBXFileReference section */
		AD8A621E1DAE9DB4005E9097 /* myTTesting.app */ = {isa = PBXFileReference; explicitFileType = wrapper.application; includeInIndex = 0; path = myTTesting.app; sourceTree = BUILT_PRODUCTS_DIR; };
		AD8A62211DAE9DB4005E9097 /* AppDelegate.swift */ = {isa = PBXFileReference; lastKnownFileType = sourcecode.swift; path = AppDelegate.swift; sourceTree = "<group>"; };
		AD8A62231DAE9DB4005E9097 /* ViewController.swift */ = {isa = PBXFileReference; lastKnownFileType = sourcecode.swift; path = ViewController.swift; sourceTree = "<group>"; };
		AD8A62261DAE9DB4005E9097 /* Base */ = {isa = PBXFileReference; lastKnownFileType = file.storyboard; name = Base; path = Base.lproj/Main.storyboard; sourceTree = "<group>"; };
		AD8A62281DAE9DB4005E9097 /* Assets.xcassets */ = {isa = PBXFileReference; lastKnownFileType = folder.assetcatalog; path = Assets.xcassets; sourceTree = "<group>"; };
		AD8A622B1DAE9DB4005E9097 /* Base */ = {isa = PBXFileReference; lastKnownFileType = file.storyboard; name = Base; path = Base.lproj/LaunchScreen.storyboard; sourceTree = "<group>"; };
		AD8A622D1DAE9DB5005E9097 /* Info.plist */ = {isa = PBXFileReference; lastKnownFileType = text.plist.xml; path = Info.plist; sourceTree = "<group>"; };
		AD8A62321DAE9DB5005E9097 /* myTTestingTests.xctest */ = {isa = PBXFileReference; explicitFileType = wrapper.cfbundle; includeInIndex = 0; path = myTTestingTests.xctest; sourceTree = BUILT_PRODUCTS_DIR; };
		AD8A62361DAE9DB5005E9097 /* myTTestingTests.swift */ = {isa = PBXFileReference; lastKnownFileType = sourcecode.swift; path = myTTestingTests.swift; sourceTree = "<group>"; };
		AD8A62381DAE9DB5005E9097 /* Info.plist */ = {isa = PBXFileReference; lastKnownFileType = text.plist.xml; path = Info.plist; sourceTree = "<group>"; };
		AD8A623D1DAE9DB5005E9097 /* myTTestingUITests.xctest */ = {isa = PBXFileReference; explicitFileType = wrapper.cfbundle; includeInIndex = 0; path = myTTestingUITests.xctest; sourceTree = BUILT_PRODUCTS_DIR; };
		AD8A62411DAE9DB5005E9097 /* myTTestingUITests.swift */ = {isa = PBXFileReference; lastKnownFileType = sourcecode.swift; path = myTTestingUITests.swift; sourceTree = "<group>"; };
		AD8A62431DAE9DB5005E9097 /* Info.plist */ = {isa = PBXFileReference; lastKnownFileType = text.plist.xml; path = Info.plist; sourceTree = "<group>"; };
/* End PBXFileReference section */

/* Begin PBXFrameworksBuildPhase section */
		AD8A621B1DAE9DB4005E9097 /* Frameworks */ = {
			isa = PBXFrameworksBuildPhase;
			buildActionMask = 2147483647;
			files = (
			);
			runOnlyForDeploymentPostprocessing = 0;
		};
		AD8A622F1DAE9DB5005E9097 /* Frameworks */ = {
			isa = PBXFrameworksBuildPhase;
			buildActionMask = 2147483647;
			files = (
			);
			runOnlyForDeploymentPostprocessing = 0;
		};
		AD8A623A1DAE9DB5005E9097 /* Frameworks */ = {
			isa = PBXFrameworksBuildPhase;
			buildActionMask = 2147483647;
			files = (
			);
			runOnlyForDeploymentPostprocessing = 0;
		};
/* End PBXFrameworksBuildPhase section */

/* Begin PBXGroup section */
		AD8A62151DAE9DB4005E9097 = {
			isa = PBXGroup;
			children = (
				AD8A62201DAE9DB4005E9097 /* myTTesting */,
				AD8A62351DAE9DB5005E9097 /* myTTestingTests */,
				AD8A62401DAE9DB5005E9097 /* myTTestingUITests */,
				AD8A621F1DAE9DB4005E9097 /* Products */,
			);
			sourceTree = "<group>";
		};
		AD8A621F1DAE9DB4005E9097 /* Products */ = {
			isa = PBXGroup;
			children = (
				AD8A621E1DAE9DB4005E9097 /* myTTesting.app */,
				AD8A62321DAE9DB5005E9097 /* myTTestingTests.xctest */,
				AD8A623D1DAE9DB5005E9097 /* myTTestingUITests.xctest */,
			);
			name = Products;
			sourceTree = "<group>";
		};
		AD8A62201DAE9DB4005E9097 /* myTTesting */ = {
			isa = PBXGroup;
			children = (
				AD8A62211DAE9DB4005E9097 /* AppDelegate.swift */,
				AD8A62231DAE9DB4005E9097 /* ViewController.swift */,
				AD8A62251DAE9DB4005E9097 /* Main.storyboard */,
				AD8A62281DAE9DB4005E9097 /* Assets.xcassets */,
				AD8A622A1DAE9DB4005E9097 /* LaunchScreen.storyboard */,
				AD8A622D1DAE9DB5005E9097 /* Info.plist */,
			);
			path = myTTesting;
			sourceTree = "<group>";
		};
		AD8A62351DAE9DB5005E9097 /* myTTestingTests */ = {
			isa = PBXGroup;
			children = (
				AD8A62361DAE9DB5005E9097 /* myTTestingTests.swift */,
				AD8A62381DAE9DB5005E9097 /* Info.plist */,
			);
			path = myTTestingTests;
			sourceTree = "<group>";
		};
		AD8A62401DAE9DB5005E9097 /* myTTestingUITests */ = {
			isa = PBXGroup;
			children = (
				AD8A62411DAE9DB5005E9097 /* myTTestingUITests.swift */,
				AD8A62431DAE9DB5005E9097 /* Info.plist */,
			);
			path = myTTestingUITests;
			sourceTree = "<group>";
		};
/* End PBXGroup section */

/* Begin PBXNativeTarget section */
		AD8A621D1DAE9DB4005E9097 /* myTTesting */ = {
			isa = PBXNativeTarget;
			buildConfigurationList = AD8A62461DAE9DB5005E9097 /* Build configuration list for PBXNativeTarget "myTTesting" */;
			buildPhases = (
				AD8A621A1DAE9DB4005E9097 /* Sources */,
				AD8A621B1DAE9DB4005E9097 /* Frameworks */,
				AD8A621C1DAE9DB4005E9097 /* Resources */,
			);
			buildRules = (
			);
			dependencies = (
			);
			name = myTTesting;
			productName = myTTesting;
			productReference = AD8A621E1DAE9DB4005E9097 /* myTTesting.app */;
			productType = "com.apple.product-type.application";
		};
		AD8A62311DAE9DB5005E9097 /* myTTestingTests */ = {
			isa = PBXNativeTarget;
			buildConfigurationList = AD8A62491DAE9DB5005E9097 /* Build configuration list for PBXNativeTarget "myTTestingTests" */;
			buildPhases = (
				AD8A622E1DAE9DB5005E9097 /* Sources */,
				AD8A622F1DAE9DB5005E9097 /* Frameworks */,
				AD8A62301DAE9DB5005E9097 /* Resources */,
			);
			buildRules = (
			);
			dependencies = (
				AD8A62341DAE9DB5005E9097 /* PBXTargetDependency */,
			);
			name = myTTestingTests;
			productName = myTTestingTests;
			productReference = AD8A62321DAE9DB5005E9097 /* myTTestingTests.xctest */;
			productType = "com.apple.product-type.bundle.unit-test";
		};
		AD8A623C1DAE9DB5005E9097 /* myTTestingUITests */ = {
			isa = PBXNativeTarget;
			buildConfigurationList = AD8A624C1DAE9DB5005E9097 /* Build configuration list for PBXNativeTarget "myTTestingUITests" */;
			buildPhases = (
				AD8A62391DAE9DB5005E9097 /* Sources */,
				AD8A623A1DAE9DB5005E9097 /* Frameworks */,
				AD8A623B1DAE9DB5005E9097 /* Resources */,
			);
			buildRules = (
			);
			dependencies = (
				AD8A623F1DAE9DB5005E9097 /* PBXTargetDependency */,
			);
			name = myTTestingUITests;
			productName = myTTestingUITests;
			productReference = AD8A623D1DAE9DB5005E9097 /* myTTestingUITests.xctest */;
			productType = "com.apple.product-type.bundle.ui-testing";
		};
/* End PBXNativeTarget section */

/* Begin PBXProject section */
		AD8A62161DAE9DB4005E9097 /* Project object */ = {
			isa = PBXProject;
			attributes = {
				LastSwiftUpdateCheck = 0800;
				LastUpgradeCheck = 0800;
				ORGANIZATIONNAME = "Manikanta Varma";
				TargetAttributes = {
					AD8A621D1DAE9DB4005E9097 = {
						CreatedOnToolsVersion = 8.0;
						DevelopmentTeam = D3AXA88DHR;
						ProvisioningStyle = Automatic;
					};
					AD8A62311DAE9DB5005E9097 = {
						CreatedOnToolsVersion = 8.0;
						DevelopmentTeam = D3AXA88DHR;
						ProvisioningStyle = Automatic;
						TestTargetID = AD8A621D1DAE9DB4005E9097;
					};
					AD8A623C1DAE9DB5005E9097 = {
						CreatedOnToolsVersion = 8.0;
						DevelopmentTeam = D3AXA88DHR;
						ProvisioningStyle = Automatic;
						TestTargetID = AD8A621D1DAE9DB4005E9097;
					};
				};
			};
			buildConfigurationList = AD8A62191DAE9DB4005E9097 /* Build configuration list for PBXProject "myTTesting" */;
			compatibilityVersion = "Xcode 3.2";
			developmentRegion = English;
			hasScannedForEncodings = 0;
			knownRegions = (
				en,
				Base,
			);
			mainGroup = AD8A62151DAE9DB4005E9097;
			productRefGroup = AD8A621F1DAE9DB4005E9097 /* Products */;
			projectDirPath = "";
			projectRoot = "";
			targets = (
				AD8A621D1DAE9DB4005E9097 /* myTTesting */,
				AD8A62311DAE9DB5005E9097 /* myTTestingTests */,
				AD8A623C1DAE9DB5005E9097 /* myTTestingUITests */,
			);
		};
/* End PBXProject section */

/* Begin PBXResourcesBuildPhase section */
		AD8A621C1DAE9DB4005E9097 /* Resources */ = {
			isa = PBXResourcesBuildPhase;
			buildActionMask = 2147483647;
			files = (
				AD8A622C1DAE9DB5005E9097 /* LaunchScreen.storyboard in Resources */,
				AD8A62291DAE9DB4005E9097 /* Assets.xcassets in Resources */,
				AD8A62271DAE9DB4005E9097 /* Main.storyboard in Resources */,
			);
			runOnlyForDeploymentPostprocessing = 0;
		};
		AD8A62301DAE9DB5005E9097 /* Resources */ = {
			isa = PBXResourcesBuildPhase;
			buildActionMask = 2147483647;
			files = (
			);
			runOnlyForDeploymentPostprocessing = 0;
		};
		AD8A623B1DAE9DB5005E9097 /* Resources */ = {
			isa = PBXResourcesBuildPhase;
			buildActionMask = 2147483647;
			files = (
			);
			runOnlyForDeploymentPostprocessing = 0;
		};
/* End PBXResourcesBuildPhase section */

/* Begin PBXSourcesBuildPhase section */
		AD8A621A1DAE9DB4005E9097 /* Sources */ = {
			isa = PBXSourcesBuildPhase;
			buildActionMask = 2147483647;
			files = (
				AD8A62241DAE9DB4005E9097 /* ViewController.swift in Sources */,
				AD8A62221DAE9DB4005E9097 /* AppDelegate.swift in Sources */,
			);
			runOnlyForDeploymentPostprocessing = 0;
		};
		AD8A622E1DAE9DB5005E9097 /* Sources */ = {
			isa = PBXSourcesBuildPhase;
			buildActionMask = 2147483647;
			files = (
				AD8A62371DAE9DB5005E9097 /* myTTestingTests.swift in Sources */,
			);
			runOnlyForDeploymentPostprocessing = 0;
		};
		AD8A62391DAE9DB5005E9097 /* Sources */ = {
			isa = PBXSourcesBuildPhase;
			buildActionMask = 2147483647;
			files = (
				AD8A62421DAE9DB5005E9097 /* myTTestingUITests.swift in Sources */,
			);
			runOnlyForDeploymentPostprocessing = 0;
		};
/* End PBXSourcesBuildPhase section */

/* Begin PBXTargetDependency section */
		AD8A62341DAE9DB5005E9097 /* PBXTargetDependency */ = {
			isa = PBXTargetDependency;
			target = AD8A621D1DAE9DB4005E9097 /* myTTesting */;
			targetProxy = AD8A62331DAE9DB5005E9097 /* PBXContainerItemProxy */;
		};
		AD8A623F1DAE9DB5005E9097 /* PBXTargetDependency */ = {
			isa = PBXTargetDependency;
			target = AD8A621D1DAE9DB4005E9097 /* myTTesting */;
			targetProxy = AD8A623E1DAE9DB5005E9097 /* PBXContainerItemProxy */;
		};
/* End PBXTargetDependency section */

/* Begin PBXVariantGroup section */
		AD8A62251DAE9DB4005E9097 /* Main.storyboard */ = {
			isa = PBXVariantGroup;
			children = (
				AD8A62261DAE9DB4005E9097 /* Base */,
			);
			name = Main.storyboard;
			sourceTree = "<group>";
		};
		AD8A622A1DAE9DB4005E9097 /* LaunchScreen.storyboard */ = {
			isa = PBXVariantGroup;
			children = (
				AD8A622B1DAE9DB4005E9097 /* Base */,
			);
			name = LaunchScreen.storyboard;
			sourceTree = "<group>";
		};
/* End PBXVariantGroup section */

/* Begin XCBuildConfiguration section */
		AD8A62441DAE9DB5005E9097 /* Debug */ = {
			isa = XCBuildConfiguration;
			buildSettings = {
				ALWAYS_SEARCH_USER_PATHS = NO;
				CLANG_ANALYZER_NONNULL = YES;
				CLANG_CXX_LANGUAGE_STANDARD = "gnu++0x";
				CLANG_CXX_LIBRARY = "libc++";
				CLANG_ENABLE_MODULES = YES;
				CLANG_ENABLE_OBJC_ARC = YES;
				CLANG_WARN_BOOL_CONVERSION = YES;
				CLANG_WARN_CONSTANT_CONVERSION = YES;
				CLANG_WARN_DIRECT_OBJC_ISA_USAGE = YES_ERROR;
				CLANG_WARN_DOCUMENTATION_COMMENTS = YES;
				CLANG_WARN_EMPTY_BODY = YES;
				CLANG_WARN_ENUM_CONVERSION = YES;
				CLANG_WARN_INFINITE_RECURSION = YES;
				CLANG_WARN_INT_CONVERSION = YES;
				CLANG_WARN_OBJC_ROOT_CLASS = YES_ERROR;
				CLANG_WARN_SUSPICIOUS_MOVES = YES;
				CLANG_WARN_UNREACHABLE_CODE = YES;
				CLANG_WARN__DUPLICATE_METHOD_MATCH = YES;
				"CODE_SIGN_IDENTITY[sdk=iphoneos*]" = "iPhone Developer";
				COPY_PHASE_STRIP = NO;
				DEBUG_INFORMATION_FORMAT = dwarf;
				ENABLE_STRICT_OBJC_MSGSEND = YES;
				ENABLE_TESTABILITY = YES;
				GCC_C_LANGUAGE_STANDARD = gnu99;
				GCC_DYNAMIC_NO_PIC = NO;
				GCC_NO_COMMON_BLOCKS = YES;
				GCC_OPTIMIZATION_LEVEL = 0;
				GCC_PREPROCESSOR_DEFINITIONS = (
					"DEBUG=1",
					"$(inherited)",
				);
				GCC_WARN_64_TO_32_BIT_CONVERSION = YES;
				GCC_WARN_ABOUT_RETURN_TYPE = YES_ERROR;
				GCC_WARN_UNDECLARED_SELECTOR = YES;
				GCC_WARN_UNINITIALIZED_AUTOS = YES_AGGRESSIVE;
				GCC_WARN_UNUSED_FUNCTION = YES;
				GCC_WARN_UNUSED_VARIABLE = YES;
				IPHONEOS_DEPLOYMENT_TARGET = 10.0;
				MTL_ENABLE_DEBUG_INFO = YES;
				ONLY_ACTIVE_ARCH = YES;
				SDKROOT = iphoneos;
				SWIFT_ACTIVE_COMPILATION_CONDITIONS = DEBUG;
				SWIFT_OPTIMIZATION_LEVEL = "-Onone";
				TARGETED_DEVICE_FAMILY = "1,2";
			};
			name = Debug;
		};
		AD8A62451DAE9DB5005E9097 /* Release */ = {
			isa = XCBuildConfiguration;
			buildSettings = {
				ALWAYS_SEARCH_USER_PATHS = NO;
				CLANG_ANALYZER_NONNULL = YES;
				CLANG_CXX_LANGUAGE_STANDARD = "gnu++0x";
				CLANG_CXX_LIBRARY = "libc++";
				CLANG_ENABLE_MODULES = YES;
				CLANG_ENABLE_OBJC_ARC = YES;
				CLANG_WARN_BOOL_CONVERSION = YES;
				CLANG_WARN_CONSTANT_CONVERSION = YES;
				CLANG_WARN_DIRECT_OBJC_ISA_USAGE = YES_ERROR;
				CLANG_WARN_DOCUMENTATION_COMMENTS = YES;
				CLANG_WARN_EMPTY_BODY = YES;
				CLANG_WARN_ENUM_CONVERSION = YES;
				CLANG_WARN_INFINITE_RECURSION = YES;
				CLANG_WARN_INT_CONVERSION = YES;
				CLANG_WARN_OBJC_ROOT_CLASS = YES_ERROR;
				CLANG_WARN_SUSPICIOUS_MOVES = YES;
				CLANG_WARN_UNREACHABLE_CODE = YES;
				CLANG_WARN__DUPLICATE_METHOD_MATCH = YES;
				"CODE_SIGN_IDENTITY[sdk=iphoneos*]" = "iPhone Developer";
				COPY_PHASE_STRIP = NO;
				DEBUG_INFORMATION_FORMAT = "dwarf-with-dsym";
				ENABLE_NS_ASSERTIONS = NO;
				ENABLE_STRICT_OBJC_MSGSEND = YES;
				GCC_C_LANGUAGE_STANDARD = gnu99;
				GCC_NO_COMMON_BLOCKS = YES;
				GCC_WARN_64_TO_32_BIT_CONVERSION = YES;
				GCC_WARN_ABOUT_RETURN_TYPE = YES_ERROR;
				GCC_WARN_UNDECLARED_SELECTOR = YES;
				GCC_WARN_UNINITIALIZED_AUTOS = YES_AGGRESSIVE;
				GCC_WARN_UNUSED_FUNCTION = YES;
				GCC_WARN_UNUSED_VARIABLE = YES;
				IPHONEOS_DEPLOYMENT_TARGET = 10.0;
				MTL_ENABLE_DEBUG_INFO = NO;
				SDKROOT = iphoneos;
				SWIFT_OPTIMIZATION_LEVEL = "-Owholemodule";
				TARGETED_DEVICE_FAMILY = "1,2";
				VALIDATE_PRODUCT = YES;
			};
			name = Release;
		};
		AD8A62471DAE9DB5005E9097 /* Debug */ = {
			isa = XCBuildConfiguration;
			buildSettings = {
				ASSETCATALOG_COMPILER_APPICON_NAME = AppIcon;
				DEVELOPMENT_TEAM = D3AXA88DHR;
				INFOPLIST_FILE = myTTesting/Info.plist;
				LD_RUNPATH_SEARCH_PATHS = "$(inherited) @executable_path/Frameworks";
				PRODUCT_BUNDLE_IDENTIFIER = com.mani.products.myTTesting;
				PRODUCT_NAME = "$(TARGET_NAME)";
				SWIFT_VERSION = 3.0;
			};
			name = Debug;
		};
		AD8A62481DAE9DB5005E9097 /* Release */ = {
			isa = XCBuildConfiguration;
			buildSettings = {
				ASSETCATALOG_COMPILER_APPICON_NAME = AppIcon;
				DEVELOPMENT_TEAM = D3AXA88DHR;
				INFOPLIST_FILE = myTTesting/Info.plist;
				LD_RUNPATH_SEARCH_PATHS = "$(inherited) @executable_path/Frameworks";
				PRODUCT_BUNDLE_IDENTIFIER = com.mani.products.myTTesting;
				PRODUCT_NAME = "$(TARGET_NAME)";
				SWIFT_VERSION = 3.0;
			};
			name = Release;
		};
		AD8A624A1DAE9DB5005E9097 /* Debug */ = {
			isa = XCBuildConfiguration;
			buildSettings = {
				ALWAYS_EMBED_SWIFT_STANDARD_LIBRARIES = YES;
				BUNDLE_LOADER = "$(TEST_HOST)";
				DEVELOPMENT_TEAM = D3AXA88DHR;
				INFOPLIST_FILE = myTTestingTests/Info.plist;
				LD_RUNPATH_SEARCH_PATHS = "$(inherited) @executable_path/Frameworks @loader_path/Frameworks";
				PRODUCT_BUNDLE_IDENTIFIER = com.mani.products.myTTestingTests;
				PRODUCT_NAME = "$(TARGET_NAME)";
				SWIFT_VERSION = 3.0;
				TEST_HOST = "$(BUILT_PRODUCTS_DIR)/myTTesting.app/myTTesting";
			};
			name = Debug;
		};
		AD8A624B1DAE9DB5005E9097 /* Release */ = {
			isa = XCBuildConfiguration;
			buildSettings = {
				ALWAYS_EMBED_SWIFT_STANDARD_LIBRARIES = YES;
				BUNDLE_LOADER = "$(TEST_HOST)";
				DEVELOPMENT_TEAM = D3AXA88DHR;
				INFOPLIST_FILE = myTTestingTests/Info.plist;
				LD_RUNPATH_SEARCH_PATHS = "$(inherited) @executable_path/Frameworks @loader_path/Frameworks";
				PRODUCT_BUNDLE_IDENTIFIER = com.mani.products.myTTestingTests;
				PRODUCT_NAME = "$(TARGET_NAME)";
				SWIFT_VERSION = 3.0;
				TEST_HOST = "$(BUILT_PRODUCTS_DIR)/myTTesting.app/myTTesting";
			};
			name = Release;
		};
		AD8A624D1DAE9DB5005E9097 /* Debug */ = {
			isa = XCBuildConfiguration;
			buildSettings = {
				ALWAYS_EMBED_SWIFT_STANDARD_LIBRARIES = YES;
				DEVELOPMENT_TEAM = D3AXA88DHR;
				INFOPLIST_FILE = myTTestingUITests/Info.plist;
				LD_RUNPATH_SEARCH_PATHS = "$(inherited) @executable_path/Frameworks @loader_path/Frameworks";
				PRODUCT_BUNDLE_IDENTIFIER = com.mani.products.myTTestingUITests;
				PRODUCT_NAME = "$(TARGET_NAME)";
				SWIFT_VERSION = 3.0;
				TEST_TARGET_NAME = myTTesting;
			};
			name = Debug;
		};
		AD8A624E1DAE9DB5005E9097 /* Release */ = {
			isa = XCBuildConfiguration;
			buildSettings = {
				ALWAYS_EMBED_SWIFT_STANDARD_LIBRARIES = YES;
				DEVELOPMENT_TEAM = D3AXA88DHR;
				INFOPLIST_FILE = myTTestingUITests/Info.plist;
				LD_RUNPATH_SEARCH_PATHS = "$(inherited) @executable_path/Frameworks @loader_path/Frameworks";
				PRODUCT_BUNDLE_IDENTIFIER = com.mani.products.myTTestingUITests;
				PRODUCT_NAME = "$(TARGET_NAME)";
				SWIFT_VERSION = 3.0;
				TEST_TARGET_NAME = myTTesting;
			};
			name = Release;
		};
/* End XCBuildConfiguration section */

/* Begin XCConfigurationList section */
		AD8A62191DAE9DB4005E9097 /* Build configuration list for PBXProject "myTTesting" */ = {
			isa = XCConfigurationList;
			buildConfigurations = (
				AD8A62441DAE9DB5005E9097 /* Debug */,
				AD8A62451DAE9DB5005E9097 /* Release */,
			);
			defaultConfigurationIsVisible = 0;
			defaultConfigurationName = Release;
		};
		AD8A62461DAE9DB5005E9097 /* Build configuration list for PBXNativeTarget "myTTesting" */ = {
			isa = XCConfigurationList;
			buildConfigurations = (
				AD8A62471DAE9DB5005E9097 /* Debug */,
				AD8A62481DAE9DB5005E9097 /* Release */,
			);
			defaultConfigurationIsVisible = 0;
		};
		AD8A62491DAE9DB5005E9097 /* Build configuration list for PBXNativeTarget "myTTestingTests" */ = {
			isa = XCConfigurationList;
			buildConfigurations = (
				AD8A624A1DAE9DB5005E9097 /* Debug */,
				AD8A624B1DAE9DB5005E9097 /* Release */,
			);
			defaultConfigurationIsVisible = 0;
		};
		AD8A624C1DAE9DB5005E9097 /* Build configuration list for PBXNativeTarget "myTTestingUITests" */ = {
			isa = XCConfigurationList;
			buildConfigurations = (
				AD8A624D1DAE9DB5005E9097 /* Debug */,
				AD8A624E1DAE9DB5005E9097 /* Release */,
			);
			defaultConfigurationIsVisible = 0;
		};
/* End XCConfigurationList section */
	};
	rootObject = AD8A62161DAE9DB4005E9097 /* Project object */;
}
